// !$*UTF8*$!
{
	archiveVersion = 1;
	classes = {
	};
	objectVersion = 50;
	objects = {

/* Begin PBXBuildFile section */
		B175806E21FFA38500769F32 /* AppDelegate.swift in Sources */ = {isa = PBXBuildFile; fileRef = B175806D21FFA38500769F32 /* AppDelegate.swift */; };
		B175807021FFA38500769F32 /* ViewController.swift in Sources */ = {isa = PBXBuildFile; fileRef = B175806F21FFA38500769F32 /* ViewController.swift */; };
		B175807321FFA38500769F32 /* Main.storyboard in Resources */ = {isa = PBXBuildFile; fileRef = B175807121FFA38500769F32 /* Main.storyboard */; };
		B175807521FFA38900769F32 /* Assets.xcassets in Resources */ = {isa = PBXBuildFile; fileRef = B175807421FFA38900769F32 /* Assets.xcassets */; };
		B175807821FFA38900769F32 /* LaunchScreen.storyboard in Resources */ = {isa = PBXBuildFile; fileRef = B175807621FFA38900769F32 /* LaunchScreen.storyboard */; };
		B175808321FFA38900769F32 /* TipppsyTests.swift in Sources */ = {isa = PBXBuildFile; fileRef = B175808221FFA38900769F32 /* TipppsyTests.swift */; };
		B175808E21FFA38900769F32 /* TipppsyUITests.swift in Sources */ = {isa = PBXBuildFile; fileRef = B175808D21FFA38900769F32 /* TipppsyUITests.swift */; };
/* End PBXBuildFile section */

/* Begin PBXContainerItemProxy section */
		B175807F21FFA38900769F32 /* PBXContainerItemProxy */ = {
			isa = PBXContainerItemProxy;
			containerPortal = B175806221FFA38500769F32 /* Project object */;
			proxyType = 1;
			remoteGlobalIDString = B175806921FFA38500769F32;
			remoteInfo = Tipppsy;
		};
		B175808A21FFA38900769F32 /* PBXContainerItemProxy */ = {
			isa = PBXContainerItemProxy;
			containerPortal = B175806221FFA38500769F32 /* Project object */;
			proxyType = 1;
			remoteGlobalIDString = B175806921FFA38500769F32;
			remoteInfo = Tipppsy;
		};
/* End PBXContainerItemProxy section */

/* Begin PBXFileReference section */
		B175806A21FFA38500769F32 /* Tipppsy.app */ = {isa = PBXFileReference; explicitFileType = wrapper.application; includeInIndex = 0; path = Tipppsy.app; sourceTree = BUILT_PRODUCTS_DIR; };
		B175806D21FFA38500769F32 /* AppDelegate.swift */ = {isa = PBXFileReference; lastKnownFileType = sourcecode.swift; path = AppDelegate.swift; sourceTree = "<group>"; };
		B175806F21FFA38500769F32 /* ViewController.swift */ = {isa = PBXFileReference; lastKnownFileType = sourcecode.swift; path = ViewController.swift; sourceTree = "<group>"; };
		B175807221FFA38500769F32 /* Base */ = {isa = PBXFileReference; lastKnownFileType = file.storyboard; name = Base; path = Base.lproj/Main.storyboard; sourceTree = "<group>"; };
		B175807421FFA38900769F32 /* Assets.xcassets */ = {isa = PBXFileReference; lastKnownFileType = folder.assetcatalog; path = Assets.xcassets; sourceTree = "<group>"; };
		B175807721FFA38900769F32 /* Base */ = {isa = PBXFileReference; lastKnownFileType = file.storyboard; name = Base; path = Base.lproj/LaunchScreen.storyboard; sourceTree = "<group>"; };
		B175807921FFA38900769F32 /* Info.plist */ = {isa = PBXFileReference; lastKnownFileType = text.plist.xml; path = Info.plist; sourceTree = "<group>"; };
		B175807E21FFA38900769F32 /* TipppsyTests.xctest */ = {isa = PBXFileReference; explicitFileType = wrapper.cfbundle; includeInIndex = 0; path = TipppsyTests.xctest; sourceTree = BUILT_PRODUCTS_DIR; };
		B175808221FFA38900769F32 /* TipppsyTests.swift */ = {isa = PBXFileReference; lastKnownFileType = sourcecode.swift; path = TipppsyTests.swift; sourceTree = "<group>"; };
		B175808421FFA38900769F32 /* Info.plist */ = {isa = PBXFileReference; lastKnownFileType = text.plist.xml; path = Info.plist; sourceTree = "<group>"; };
		B175808921FFA38900769F32 /* TipppsyUITests.xctest */ = {isa = PBXFileReference; explicitFileType = wrapper.cfbundle; includeInIndex = 0; path = TipppsyUITests.xctest; sourceTree = BUILT_PRODUCTS_DIR; };
		B175808D21FFA38900769F32 /* TipppsyUITests.swift */ = {isa = PBXFileReference; lastKnownFileType = sourcecode.swift; path = TipppsyUITests.swift; sourceTree = "<group>"; };
		B175808F21FFA38900769F32 /* Info.plist */ = {isa = PBXFileReference; lastKnownFileType = text.plist.xml; path = Info.plist; sourceTree = "<group>"; };
/* End PBXFileReference section */

/* Begin PBXFrameworksBuildPhase section */
		B175806721FFA38500769F32 /* Frameworks */ = {
			isa = PBXFrameworksBuildPhase;
			buildActionMask = 2147483647;
			files = (
			);
			runOnlyForDeploymentPostprocessing = 0;
		};
		B175807B21FFA38900769F32 /* Frameworks */ = {
			isa = PBXFrameworksBuildPhase;
			buildActionMask = 2147483647;
			files = (
			);
			runOnlyForDeploymentPostprocessing = 0;
		};
		B175808621FFA38900769F32 /* Frameworks */ = {
			isa = PBXFrameworksBuildPhase;
			buildActionMask = 2147483647;
			files = (
			);
			runOnlyForDeploymentPostprocessing = 0;
		};
/* End PBXFrameworksBuildPhase section */

/* Begin PBXGroup section */
		B175806121FFA38500769F32 = {
			isa = PBXGroup;
			children = (
				B175806C21FFA38500769F32 /* Tipppsy */,
				B175808121FFA38900769F32 /* TipppsyTests */,
				B175808C21FFA38900769F32 /* TipppsyUITests */,
				B175806B21FFA38500769F32 /* Products */,
			);
			sourceTree = "<group>";
		};
		B175806B21FFA38500769F32 /* Products */ = {
			isa = PBXGroup;
			children = (
				B175806A21FFA38500769F32 /* Tipppsy.app */,
				B175807E21FFA38900769F32 /* TipppsyTests.xctest */,
				B175808921FFA38900769F32 /* TipppsyUITests.xctest */,
			);
			name = Products;
			sourceTree = "<group>";
		};
		B175806C21FFA38500769F32 /* Tipppsy */ = {
			isa = PBXGroup;
			children = (
				B175806D21FFA38500769F32 /* AppDelegate.swift */,
				B175806F21FFA38500769F32 /* ViewController.swift */,
				B175807121FFA38500769F32 /* Main.storyboard */,
				B175807421FFA38900769F32 /* Assets.xcassets */,
				B175807621FFA38900769F32 /* LaunchScreen.storyboard */,
				B175807921FFA38900769F32 /* Info.plist */,
			);
			path = Tipppsy;
			sourceTree = "<group>";
		};
		B175808121FFA38900769F32 /* TipppsyTests */ = {
			isa = PBXGroup;
			children = (
				B175808221FFA38900769F32 /* TipppsyTests.swift */,
				B175808421FFA38900769F32 /* Info.plist */,
			);
			path = TipppsyTests;
			sourceTree = "<group>";
		};
		B175808C21FFA38900769F32 /* TipppsyUITests */ = {
			isa = PBXGroup;
			children = (
				B175808D21FFA38900769F32 /* TipppsyUITests.swift */,
				B175808F21FFA38900769F32 /* Info.plist */,
			);
			path = TipppsyUITests;
			sourceTree = "<group>";
		};
/* End PBXGroup section */

/* Begin PBXNativeTarget section */
		B175806921FFA38500769F32 /* Tipppsy */ = {
			isa = PBXNativeTarget;
			buildConfigurationList = B175809221FFA38900769F32 /* Build configuration list for PBXNativeTarget "Tipppsy" */;
			buildPhases = (
				B175806621FFA38500769F32 /* Sources */,
				B175806721FFA38500769F32 /* Frameworks */,
				B175806821FFA38500769F32 /* Resources */,
			);
			buildRules = (
			);
			dependencies = (
			);
			name = Tipppsy;
			productName = Tipppsy;
			productReference = B175806A21FFA38500769F32 /* Tipppsy.app */;
			productType = "com.apple.product-type.application";
		};
		B175807D21FFA38900769F32 /* TipppsyTests */ = {
			isa = PBXNativeTarget;
			buildConfigurationList = B175809521FFA38900769F32 /* Build configuration list for PBXNativeTarget "TipppsyTests" */;
			buildPhases = (
				B175807A21FFA38900769F32 /* Sources */,
				B175807B21FFA38900769F32 /* Frameworks */,
				B175807C21FFA38900769F32 /* Resources */,
			);
			buildRules = (
			);
			dependencies = (
				B175808021FFA38900769F32 /* PBXTargetDependency */,
			);
			name = TipppsyTests;
			productName = TipppsyTests;
			productReference = B175807E21FFA38900769F32 /* TipppsyTests.xctest */;
			productType = "com.apple.product-type.bundle.unit-test";
		};
		B175808821FFA38900769F32 /* TipppsyUITests */ = {
			isa = PBXNativeTarget;
			buildConfigurationList = B175809821FFA38900769F32 /* Build configuration list for PBXNativeTarget "TipppsyUITests" */;
			buildPhases = (
				B175808521FFA38900769F32 /* Sources */,
				B175808621FFA38900769F32 /* Frameworks */,
				B175808721FFA38900769F32 /* Resources */,
			);
			buildRules = (
			);
			dependencies = (
				B175808B21FFA38900769F32 /* PBXTargetDependency */,
			);
			name = TipppsyUITests;
			productName = TipppsyUITests;
			productReference = B175808921FFA38900769F32 /* TipppsyUITests.xctest */;
			productType = "com.apple.product-type.bundle.ui-testing";
		};
/* End PBXNativeTarget section */

/* Begin PBXProject section */
		B175806221FFA38500769F32 /* Project object */ = {
			isa = PBXProject;
			attributes = {
				LastSwiftUpdateCheck = 1010;
				LastUpgradeCheck = 1010;
				ORGANIZATIONNAME = "Adan Wehmeyer";
				TargetAttributes = {
					B175806921FFA38500769F32 = {
						CreatedOnToolsVersion = 10.1;
					};
					B175807D21FFA38900769F32 = {
						CreatedOnToolsVersion = 10.1;
						TestTargetID = B175806921FFA38500769F32;
					};
					B175808821FFA38900769F32 = {
						CreatedOnToolsVersion = 10.1;
						TestTargetID = B175806921FFA38500769F32;
					};
				};
			};
			buildConfigurationList = B175806521FFA38500769F32 /* Build configuration list for PBXProject "Tipppsy" */;
			compatibilityVersion = "Xcode 9.3";
			developmentRegion = en;
			hasScannedForEncodings = 0;
			knownRegions = (
				en,
				Base,
			);
			mainGroup = B175806121FFA38500769F32;
			productRefGroup = B175806B21FFA38500769F32 /* Products */;
			projectDirPath = "";
			projectRoot = "";
			targets = (
				B175806921FFA38500769F32 /* Tipppsy */,
				B175807D21FFA38900769F32 /* TipppsyTests */,
				B175808821FFA38900769F32 /* TipppsyUITests */,
			);
		};
/* End PBXProject section */

/* Begin PBXResourcesBuildPhase section */
		B175806821FFA38500769F32 /* Resources */ = {
			isa = PBXResourcesBuildPhase;
			buildActionMask = 2147483647;
			files = (
				B175807821FFA38900769F32 /* LaunchScreen.storyboard in Resources */,
				B175807521FFA38900769F32 /* Assets.xcassets in Resources */,
				B175807321FFA38500769F32 /* Main.storyboard in Resources */,
			);
			runOnlyForDeploymentPostprocessing = 0;
		};
		B175807C21FFA38900769F32 /* Resources */ = {
			isa = PBXResourcesBuildPhase;
			buildActionMask = 2147483647;
			files = (
			);
			runOnlyForDeploymentPostprocessing = 0;
		};
		B175808721FFA38900769F32 /* Resources */ = {
			isa = PBXResourcesBuildPhase;
			buildActionMask = 2147483647;
			files = (
			);
			runOnlyForDeploymentPostprocessing = 0;
		};
/* End PBXResourcesBuildPhase section */

/* Begin PBXSourcesBuildPhase section */
		B175806621FFA38500769F32 /* Sources */ = {
			isa = PBXSourcesBuildPhase;
			buildActionMask = 2147483647;
			files = (
				B175807021FFA38500769F32 /* ViewController.swift in Sources */,
				B175806E21FFA38500769F32 /* AppDelegate.swift in Sources */,
			);
			runOnlyForDeploymentPostprocessing = 0;
		};
		B175807A21FFA38900769F32 /* Sources */ = {
			isa = PBXSourcesBuildPhase;
			buildActionMask = 2147483647;
			files = (
				B175808321FFA38900769F32 /* TipppsyTests.swift in Sources */,
			);
			runOnlyForDeploymentPostprocessing = 0;
		};
		B175808521FFA38900769F32 /* Sources */ = {
			isa = PBXSourcesBuildPhase;
			buildActionMask = 2147483647;
			files = (
				B175808E21FFA38900769F32 /* TipppsyUITests.swift in Sources */,
			);
			runOnlyForDeploymentPostprocessing = 0;
		};
/* End PBXSourcesBuildPhase section */

/* Begin PBXTargetDependency section */
		B175808021FFA38900769F32 /* PBXTargetDependency */ = {
			isa = PBXTargetDependency;
			target = B175806921FFA38500769F32 /* Tipppsy */;
			targetProxy = B175807F21FFA38900769F32 /* PBXContainerItemProxy */;
		};
		B175808B21FFA38900769F32 /* PBXTargetDependency */ = {
			isa = PBXTargetDependency;
			target = B175806921FFA38500769F32 /* Tipppsy */;
			targetProxy = B175808A21FFA38900769F32 /* PBXContainerItemProxy */;
		};
/* End PBXTargetDependency section */

/* Begin PBXVariantGroup section */
		B175807121FFA38500769F32 /* Main.storyboard */ = {
			isa = PBXVariantGroup;
			children = (
				B175807221FFA38500769F32 /* Base */,
			);
			name = Main.storyboard;
			sourceTree = "<group>";
		};
		B175807621FFA38900769F32 /* LaunchScreen.storyboard */ = {
			isa = PBXVariantGroup;
			children = (
				B175807721FFA38900769F32 /* Base */,
			);
			name = LaunchScreen.storyboard;
			sourceTree = "<group>";
		};
/* End PBXVariantGroup section */

/* Begin XCBuildConfiguration section */
		B175809021FFA38900769F32 /* Debug */ = {
			isa = XCBuildConfiguration;
			buildSettings = {
				ALWAYS_SEARCH_USER_PATHS = NO;
				CLANG_ANALYZER_NONNULL = YES;
				CLANG_ANALYZER_NUMBER_OBJECT_CONVERSION = YES_AGGRESSIVE;
				CLANG_CXX_LANGUAGE_STANDARD = "gnu++14";
				CLANG_CXX_LIBRARY = "libc++";
				CLANG_ENABLE_MODULES = YES;
				CLANG_ENABLE_OBJC_ARC = YES;
				CLANG_ENABLE_OBJC_WEAK = YES;
				CLANG_WARN_BLOCK_CAPTURE_AUTORELEASING = YES;
				CLANG_WARN_BOOL_CONVERSION = YES;
				CLANG_WARN_COMMA = YES;
				CLANG_WARN_CONSTANT_CONVERSION = YES;
				CLANG_WARN_DEPRECATED_OBJC_IMPLEMENTATIONS = YES;
				CLANG_WARN_DIRECT_OBJC_ISA_USAGE = YES_ERROR;
				CLANG_WARN_DOCUMENTATION_COMMENTS = YES;
				CLANG_WARN_EMPTY_BODY = YES;
				CLANG_WARN_ENUM_CONVERSION = YES;
				CLANG_WARN_INFINITE_RECURSION = YES;
				CLANG_WARN_INT_CONVERSION = YES;
				CLANG_WARN_NON_LITERAL_NULL_CONVERSION = YES;
				CLANG_WARN_OBJC_IMPLICIT_RETAIN_SELF = YES;
				CLANG_WARN_OBJC_LITERAL_CONVERSION = YES;
				CLANG_WARN_OBJC_ROOT_CLASS = YES_ERROR;
				CLANG_WARN_RANGE_LOOP_ANALYSIS = YES;
				CLANG_WARN_STRICT_PROTOTYPES = YES;
				CLANG_WARN_SUSPICIOUS_MOVE = YES;
				CLANG_WARN_UNGUARDED_AVAILABILITY = YES_AGGRESSIVE;
				CLANG_WARN_UNREACHABLE_CODE = YES;
				CLANG_WARN__DUPLICATE_METHOD_MATCH = YES;
				CODE_SIGN_IDENTITY = "iPhone Developer";
				COPY_PHASE_STRIP = NO;
				DEBUG_INFORMATION_FORMAT = dwarf;
				ENABLE_STRICT_OBJC_MSGSEND = YES;
				ENABLE_TESTABILITY = YES;
				GCC_C_LANGUAGE_STANDARD = gnu11;
				GCC_DYNAMIC_NO_PIC = NO;
				GCC_NO_COMMON_BLOCKS = YES;
				GCC_OPTIMIZATION_LEVEL = 0;
				GCC_PREPROCESSOR_DEFINITIONS = (
					"DEBUG=1",
					"$(inherited)",
				);
				GCC_WARN_64_TO_32_BIT_CONVERSION = YES;
				GCC_WARN_ABOUT_RETURN_TYPE = YES_ERROR;
				GCC_WARN_UNDECLARED_SELECTOR = YES;
				GCC_WARN_UNINITIALIZED_AUTOS = YES_AGGRESSIVE;
				GCC_WARN_UNUSED_FUNCTION = YES;
				GCC_WARN_UNUSED_VARIABLE = YES;
				IPHONEOS_DEPLOYMENT_TARGET = 12.1;
				MTL_ENABLE_DEBUG_INFO = INCLUDE_SOURCE;
				MTL_FAST_MATH = YES;
				ONLY_ACTIVE_ARCH = YES;
				SDKROOT = iphoneos;
				SWIFT_ACTIVE_COMPILATION_CONDITIONS = DEBUG;
				SWIFT_OPTIMIZATION_LEVEL = "-Onone";
			};
			name = Debug;
		};
		B175809121FFA38900769F32 /* Release */ = {
			isa = XCBuildConfiguration;
			buildSettings = {
				ALWAYS_SEARCH_USER_PATHS = NO;
				CLANG_ANALYZER_NONNULL = YES;
				CLANG_ANALYZER_NUMBER_OBJECT_CONVERSION = YES_AGGRESSIVE;
				CLANG_CXX_LANGUAGE_STANDARD = "gnu++14";
				CLANG_CXX_LIBRARY = "libc++";
				CLANG_ENABLE_MODULES = YES;
				CLANG_ENABLE_OBJC_ARC = YES;
				CLANG_ENABLE_OBJC_WEAK = YES;
				CLANG_WARN_BLOCK_CAPTURE_AUTORELEASING = YES;
				CLANG_WARN_BOOL_CONVERSION = YES;
				CLANG_WARN_COMMA = YES;
				CLANG_WARN_CONSTANT_CONVERSION = YES;
				CLANG_WARN_DEPRECATED_OBJC_IMPLEMENTATIONS = YES;
				CLANG_WARN_DIRECT_OBJC_ISA_USAGE = YES_ERROR;
				CLANG_WARN_DOCUMENTATION_COMMENTS = YES;
				CLANG_WARN_EMPTY_BODY = YES;
				CLANG_WARN_ENUM_CONVERSION = YES;
				CLANG_WARN_INFINITE_RECURSION = YES;
				CLANG_WARN_INT_CONVERSION = YES;
				CLANG_WARN_NON_LITERAL_NULL_CONVERSION = YES;
				CLANG_WARN_OBJC_IMPLICIT_RETAIN_SELF = YES;
				CLANG_WARN_OBJC_LITERAL_CONVERSION = YES;
				CLANG_WARN_OBJC_ROOT_CLASS = YES_ERROR;
				CLANG_WARN_RANGE_LOOP_ANALYSIS = YES;
				CLANG_WARN_STRICT_PROTOTYPES = YES;
				CLANG_WARN_SUSPICIOUS_MOVE = YES;
				CLANG_WARN_UNGUARDED_AVAILABILITY = YES_AGGRESSIVE;
				CLANG_WARN_UNREACHABLE_CODE = YES;
				CLANG_WARN__DUPLICATE_METHOD_MATCH = YES;
				CODE_SIGN_IDENTITY = "iPhone Developer";
				COPY_PHASE_STRIP = NO;
				DEBUG_INFORMATION_FORMAT = "dwarf-with-dsym";
				ENABLE_NS_ASSERTIONS = NO;
				ENABLE_STRICT_OBJC_MSGSEND = YES;
				GCC_C_LANGUAGE_STANDARD = gnu11;
				GCC_NO_COMMON_BLOCKS = YES;
				GCC_WARN_64_TO_32_BIT_CONVERSION = YES;
				GCC_WARN_ABOUT_RETURN_TYPE = YES_ERROR;
				GCC_WARN_UNDECLARED_SELECTOR = YES;
				GCC_WARN_UNINITIALIZED_AUTOS = YES_AGGRESSIVE;
				GCC_WARN_UNUSED_FUNCTION = YES;
				GCC_WARN_UNUSED_VARIABLE = YES;
				IPHONEOS_DEPLOYMENT_TARGET = 12.1;
				MTL_ENABLE_DEBUG_INFO = NO;
				MTL_FAST_MATH = YES;
				SDKROOT = iphoneos;
				SWIFT_COMPILATION_MODE = wholemodule;
				SWIFT_OPTIMIZATION_LEVEL = "-O";
				VALIDATE_PRODUCT = YES;
			};
			name = Release;
		};
		B175809321FFA38900769F32 /* Debug */ = {
			isa = XCBuildConfiguration;
			buildSettings = {
				ASSETCATALOG_COMPILER_APPICON_NAME = AppIcon;
				CODE_SIGN_STYLE = Automatic;
				DEVELOPMENT_TEAM = LKRK5K48WQ;
				INFOPLIST_FILE = Tipppsy/Info.plist;
				LD_RUNPATH_SEARCH_PATHS = (
					"$(inherited)",
					"@executable_path/Frameworks",
				);
				PRODUCT_BUNDLE_IDENTIFIER = com.codepath.Tipppsy;
				PRODUCT_NAME = "$(TARGET_NAME)";
				SWIFT_VERSION = 4.2;
				TARGETED_DEVICE_FAMILY = "1,2";
			};
			name = Debug;
		};
		B175809421FFA38900769F32 /* Release */ = {
			isa = XCBuildConfiguration;
			buildSettings = {
				ASSETCATALOG_COMPILER_APPICON_NAME = AppIcon;
				CODE_SIGN_STYLE = Automatic;
				DEVELOPMENT_TEAM = LKRK5K48WQ;
				INFOPLIST_FILE = Tipppsy/Info.plist;
				LD_RUNPATH_SEARCH_PATHS = (
					"$(inherited)",
					"@executable_path/Frameworks",
				);
				PRODUCT_BUNDLE_IDENTIFIER = com.codepath.Tipppsy;
				PRODUCT_NAME = "$(TARGET_NAME)";
				SWIFT_VERSION = 4.2;
				TARGETED_DEVICE_FAMILY = "1,2";
			};
			name = Release;
		};
		B175809621FFA38900769F32 /* Debug */ = {
			isa = XCBuildConfiguration;
			buildSettings = {
				ALWAYS_EMBED_SWIFT_STANDARD_LIBRARIES = YES;
				BUNDLE_LOADER = "$(TEST_HOST)";
				CODE_SIGN_STYLE = Automatic;
				DEVELOPMENT_TEAM = LKRK5K48WQ;
				INFOPLIST_FILE = TipppsyTests/Info.plist;
				LD_RUNPATH_SEARCH_PATHS = (
					"$(inherited)",
					"@executable_path/Frameworks",
					"@loader_path/Frameworks",
				);
				PRODUCT_BUNDLE_IDENTIFIER = com.codepath.TipppsyTests;
				PRODUCT_NAME = "$(TARGET_NAME)";
				SWIFT_VERSION = 4.2;
				TARGETED_DEVICE_FAMILY = "1,2";
				TEST_HOST = "$(BUILT_PRODUCTS_DIR)/Tipppsy.app/Tipppsy";
			};
			name = Debug;
		};
		B175809721FFA38900769F32 /* Release */ = {
			isa = XCBuildConfiguration;
			buildSettings = {
				ALWAYS_EMBED_SWIFT_STANDARD_LIBRARIES = YES;
				BUNDLE_LOADER = "$(TEST_HOST)";
				CODE_SIGN_STYLE = Automatic;
				DEVELOPMENT_TEAM = LKRK5K48WQ;
				INFOPLIST_FILE = TipppsyTests/Info.plist;
				LD_RUNPATH_SEARCH_PATHS = (
					"$(inherited)",
					"@executable_path/Frameworks",
					"@loader_path/Frameworks",
				);
				PRODUCT_BUNDLE_IDENTIFIER = com.codepath.TipppsyTests;
				PRODUCT_NAME = "$(TARGET_NAME)";
				SWIFT_VERSION = 4.2;
				TARGETED_DEVICE_FAMILY = "1,2";
				TEST_HOST = "$(BUILT_PRODUCTS_DIR)/Tipppsy.app/Tipppsy";
			};
			name = Release;
		};
		B175809921FFA38900769F32 /* Debug */ = {
			isa = XCBuildConfiguration;
			buildSettings = {
				ALWAYS_EMBED_SWIFT_STANDARD_LIBRARIES = YES;
				CODE_SIGN_STYLE = Automatic;
				DEVELOPMENT_TEAM = LKRK5K48WQ;
				INFOPLIST_FILE = TipppsyUITests/Info.plist;
				LD_RUNPATH_SEARCH_PATHS = (
					"$(inherited)",
					"@executable_path/Frameworks",
					"@loader_path/Frameworks",
				);
				PRODUCT_BUNDLE_IDENTIFIER = com.codepath.TipppsyUITests;
				PRODUCT_NAME = "$(TARGET_NAME)";
				SWIFT_VERSION = 4.2;
				TARGETED_DEVICE_FAMILY = "1,2";
				TEST_TARGET_NAME = Tipppsy;
			};
			name = Debug;
		};
		B175809A21FFA38900769F32 /* Release */ = {
			isa = XCBuildConfiguration;
			buildSettings = {
				ALWAYS_EMBED_SWIFT_STANDARD_LIBRARIES = YES;
				CODE_SIGN_STYLE = Automatic;
				DEVELOPMENT_TEAM = LKRK5K48WQ;
				INFOPLIST_FILE = TipppsyUITests/Info.plist;
				LD_RUNPATH_SEARCH_PATHS = (
					"$(inherited)",
					"@executable_path/Frameworks",
					"@loader_path/Frameworks",
				);
				PRODUCT_BUNDLE_IDENTIFIER = com.codepath.TipppsyUITests;
				PRODUCT_NAME = "$(TARGET_NAME)";
				SWIFT_VERSION = 4.2;
				TARGETED_DEVICE_FAMILY = "1,2";
				TEST_TARGET_NAME = Tipppsy;
			};
			name = Release;
		};
/* End XCBuildConfiguration section */

/* Begin XCConfigurationList section */
		B175806521FFA38500769F32 /* Build configuration list for PBXProject "Tipppsy" */ = {
			isa = XCConfigurationList;
			buildConfigurations = (
				B175809021FFA38900769F32 /* Debug */,
				B175809121FFA38900769F32 /* Release */,
			);
			defaultConfigurationIsVisible = 0;
			defaultConfigurationName = Release;
		};
		B175809221FFA38900769F32 /* Build configuration list for PBXNativeTarget "Tipppsy" */ = {
			isa = XCConfigurationList;
			buildConfigurations = (
				B175809321FFA38900769F32 /* Debug */,
				B175809421FFA38900769F32 /* Release */,
			);
			defaultConfigurationIsVisible = 0;
			defaultConfigurationName = Release;
		};
		B175809521FFA38900769F32 /* Build configuration list for PBXNativeTarget "TipppsyTests" */ = {
			isa = XCConfigurationList;
			buildConfigurations = (
				B175809621FFA38900769F32 /* Debug */,
				B175809721FFA38900769F32 /* Release */,
			);
			defaultConfigurationIsVisible = 0;
			defaultConfigurationName = Release;
		};
		B175809821FFA38900769F32 /* Build configuration list for PBXNativeTarget "TipppsyUITests" */ = {
			isa = XCConfigurationList;
			buildConfigurations = (
				B175809921FFA38900769F32 /* Debug */,
				B175809A21FFA38900769F32 /* Release */,
			);
			defaultConfigurationIsVisible = 0;
			defaultConfigurationName = Release;
		};
/* End XCConfigurationList section */
	};
	rootObject = B175806221FFA38500769F32 /* Project object */;
}
